
Microsoft Visual Studio Solution File, Format Version 12.00
# Visual Studio Version 16
VisualStudioVersion = 16.0.31911.196
MinimumVisualStudioVersion = 10.0.40219.1
Project("{FAE04EC0-301F-11D3-BF4B-00C04F79EFBC}") = "ConsoleApp10", "ConsoleApp10\ConsoleApp10.csproj", "{B2361AF2-A8FA-41BE-9E73-695539991C4B}"
EndProject
Global
	GlobalSection(SolutionConfigurationPlatforms) = preSolution
		Debug|Any CPU = Debug|Any CPU
		Release|Any CPU = Release|Any CPU
	EndGlobalSection
	GlobalSection(ProjectConfigurationPlatforms) = postSolution
		{B2361AF2-A8FA-41BE-9E73-695539991C4B}.Debug|Any CPU.ActiveCfg = Debug|Any CPU
		{B2361AF2-A8FA-41BE-9E73-695539991C4B}.Debug|Any CPU.Build.0 = Debug|Any CPU
		{B2361AF2-A8FA-41BE-9E73-695539991C4B}.Release|Any CPU.ActiveCfg = Release|Any CPU
		{B2361AF2-A8FA-41BE-9E73-695539991C4B}.Release|Any CPU.Build.0 = Release|Any CPU
	EndGlobalSection
	GlobalSection(SolutionProperties) = preSolution
		HideSolutionNode = FALSE
	EndGlobalSection
	GlobalSection(ExtensibilityGlobals) = postSolution
		SolutionGuid = {EB09C033-68EA-4FB2-A635-BFD9A7313649}
	EndGlobalSection
EndGlobal
