
Microsoft Visual Studio Solution File, Format Version 12.00
# Visual Studio Version 16
VisualStudioVersion = 16.0.31911.196
MinimumVisualStudioVersion = 10.0.40219.1
Project("{FAE04EC0-301F-11D3-BF4B-00C04F79EFBC}") = "ConsoleApp9", "ConsoleApp9\ConsoleApp9.csproj", "{EBE042B3-489E-41F7-AC76-91752A45BCB8}"
EndProject
Global
	GlobalSection(SolutionConfigurationPlatforms) = preSolution
		Debug|Any CPU = Debug|Any CPU
		Release|Any CPU = Release|Any CPU
	EndGlobalSection
	GlobalSection(ProjectConfigurationPlatforms) = postSolution
		{EBE042B3-489E-41F7-AC76-91752A45BCB8}.Debug|Any CPU.ActiveCfg = Debug|Any CPU
		{EBE042B3-489E-41F7-AC76-91752A45BCB8}.Debug|Any CPU.Build.0 = Debug|Any CPU
		{EBE042B3-489E-41F7-AC76-91752A45BCB8}.Release|Any CPU.ActiveCfg = Release|Any CPU
		{EBE042B3-489E-41F7-AC76-91752A45BCB8}.Release|Any CPU.Build.0 = Release|Any CPU
	EndGlobalSection
	GlobalSection(SolutionProperties) = preSolution
		HideSolutionNode = FALSE
	EndGlobalSection
	GlobalSection(ExtensibilityGlobals) = postSolution
		SolutionGuid = {E2B37092-EB0A-4F89-B2F1-4B993A2EF41D}
	EndGlobalSection
EndGlobal
