
Microsoft Visual Studio Solution File, Format Version 12.00
# Visual Studio Version 16
VisualStudioVersion = 16.0.31911.196
MinimumVisualStudioVersion = 10.0.40219.1
Project("{FAE04EC0-301F-11D3-BF4B-00C04F79EFBC}") = "ConsoleApp4", "ConsoleApp4\ConsoleApp4.csproj", "{592BC28F-F9FB-4E6F-80D7-52C74A3D4559}"
EndProject
Global
	GlobalSection(SolutionConfigurationPlatforms) = preSolution
		Debug|Any CPU = Debug|Any CPU
		Release|Any CPU = Release|Any CPU
	EndGlobalSection
	GlobalSection(ProjectConfigurationPlatforms) = postSolution
		{592BC28F-F9FB-4E6F-80D7-52C74A3D4559}.Debug|Any CPU.ActiveCfg = Debug|Any CPU
		{592BC28F-F9FB-4E6F-80D7-52C74A3D4559}.Debug|Any CPU.Build.0 = Debug|Any CPU
		{592BC28F-F9FB-4E6F-80D7-52C74A3D4559}.Release|Any CPU.ActiveCfg = Release|Any CPU
		{592BC28F-F9FB-4E6F-80D7-52C74A3D4559}.Release|Any CPU.Build.0 = Release|Any CPU
	EndGlobalSection
	GlobalSection(SolutionProperties) = preSolution
		HideSolutionNode = FALSE
	EndGlobalSection
	GlobalSection(ExtensibilityGlobals) = postSolution
		SolutionGuid = {91F92001-6C83-4F94-B601-D2BBD73976DA}
	EndGlobalSection
EndGlobal
